
Microsoft Visual Studio Solution File, Format Version 12.00
# Visual Studio Version 16
VisualStudioVersion = 16.0.32228.343
MinimumVisualStudioVersion = 10.0.40219.1
Project("{FAE04EC0-301F-11D3-BF4B-00C04F79EFBC}") = "Riff", "Riff\Riff.csproj", "{51B0C71E-9093-4218-898B-82724F6C4C2F}"
EndProject
Project("{FAE04EC0-301F-11D3-BF4B-00C04F79EFBC}") = "Riff.Test", "Riff.Test\Riff.Test.csproj", "{C4DECED0-7457-4A07-BA05-B32120CCDE1B}"
EndProject
Global
	GlobalSection(SolutionConfigurationPlatforms) = preSolution
		Debug|Any CPU = Debug|Any CPU
		Release|Any CPU = Release|Any CPU
	EndGlobalSection
	GlobalSection(ProjectConfigurationPlatforms) = postSolution
		{51B0C71E-9093-4218-898B-82724F6C4C2F}.Debug|Any CPU.ActiveCfg = Debug|Any CPU
		{51B0C71E-9093-4218-898B-82724F6C4C2F}.Debug|Any CPU.Build.0 = Debug|Any CPU
		{51B0C71E-9093-4218-898B-82724F6C4C2F}.Release|Any CPU.ActiveCfg = Release|Any CPU
		{51B0C71E-9093-4218-898B-82724F6C4C2F}.Release|Any CPU.Build.0 = Release|Any CPU
		{C4DECED0-7457-4A07-BA05-B32120CCDE1B}.Debug|Any CPU.ActiveCfg = Debug|Any CPU
		{C4DECED0-7457-4A07-BA05-B32120CCDE1B}.Debug|Any CPU.Build.0 = Debug|Any CPU
		{C4DECED0-7457-4A07-BA05-B32120CCDE1B}.Release|Any CPU.ActiveCfg = Release|Any CPU
		{C4DECED0-7457-4A07-BA05-B32120CCDE1B}.Release|Any CPU.Build.0 = Release|Any CPU
	EndGlobalSection
	GlobalSection(SolutionProperties) = preSolution
		HideSolutionNode = FALSE
	EndGlobalSection
	GlobalSection(ExtensibilityGlobals) = postSolution
		SolutionGuid = {A4EAD0DD-CB78-4488-9EE3-9BF922667D25}
	EndGlobalSection
EndGlobal
